# THIS IS AN AUTOGENERATED FILE. DO NOT EDIT THIS FILE DIRECTLY.
# yarn lockfile v1


date-fns@^2.0.0-alpha.24:
  version "2.0.0-alpha.24"
  resolved "https://registry.yarnpkg.com/date-fns/-/date-fns-2.0.0-alpha.24.tgz#2988c137c72275af29d7d21cc53eb52b3a8c2586"
  integrity sha512-jpLzKHKSq0nTcZ3K5ZnTelxWmUwPepuoEaXkATwIUnc1tc+/rIooAvDMR+zdAGnwQ35eVWiyn5dikoLHjhEYeA==
